<Solution>
  <Folder Name="/Solution Items/">
    <File Path=".dockerignore" />
    <File Path=".gitignore" />
    <File Path="AGENTS.md" />
    <File Path="compose.yaml" />
    <File Path="Directory.Build.props" />
    <File Path="Directory.Build.targets" />
    <File Path="Directory.Packages.props" />
  </Folder>
  <Project Path="Shelfly.AdminConsole.Tests/Shelfly.AdminConsole.Tests.csproj" />
  <Project Path="Shelfly.AdminConsole/Shelfly.AdminConsole.csproj" />
  <Project Path="Shelfly.Api.Tests/Shelfly.Api.Tests.csproj" />
  <Project Path="Shelfly.Api/Shelfly.Api.csproj" />
  <Project Path="Shelfly.App.Tests/Shelfly.App.Tests.csproj" />
  <Project Path="Shelfly.App/Shelfly.App.csproj" />
  <Project Path="Shelfly.Common/Shelfly.Common.csproj" />
  <Project Path="Shelfly.Configuration/Shelfly.Configuration.csproj" />
</Solution>
